# This file is generated by running "yarn install" inside your project.
# Manual changes might be lost - proceed with caution!

__metadata:
  version: 8
  cacheKey: 10c0

"@types/chrome@npm:^0.0.308":
  version: 0.0.308
  resolution: "@types/chrome@npm:0.0.308"
  dependencies:
    "@types/filesystem": "npm:*"
    "@types/har-format": "npm:*"
  checksum: 10c0/3964b47889ad617ae5734620e0beebd225fdc41196f29020267c8db39cd9af1781a70fb44b863fc57ad5c18db835ec1fa214445e6e916bf13840cccb569e078b
  languageName: node
  linkType: hard

"@types/filesystem@npm:*":
  version: 0.0.36
  resolution: "@types/filesystem@npm:0.0.36"
  dependencies:
    "@types/filewriter": "npm:*"
  checksum: 10c0/3ebec32f0494b0a2612187d148e9f253ff55672c53f566d9a1e6d891eb6e2372df93c252b594b2775bc53e6660c4c37fdb05dc1b26e72b60a31010da8e1f7317
  languageName: node
  linkType: hard

"@types/filewriter@npm:*":
  version: 0.0.33
  resolution: "@types/filewriter@npm:0.0.33"
  checksum: 10c0/363ef9a658a961ceae04f52934562e4ebdcdc3a2564dd8544f593d77113c16574938b6ba4fea0bee418c37bda0668c1e03dfedb6adf00d55853f51fb3a59247b
  languageName: node
  linkType: hard

"@types/har-format@npm:*":
  version: 1.2.16
  resolution: "@types/har-format@npm:1.2.16"
  checksum: 10c0/77e952bc219db0c1f0588cab3b95865bc343b922e8423a76fbbd6a757c40709a256933fa415eb8fefda6ea5897c8e3dd3191bb8a82b37c13d9232467d31ae485
  languageName: node
  linkType: hard

"@types/lunr@npm:^2":
  version: 2.3.7
  resolution: "@types/lunr@npm:2.3.7"
  checksum: 10c0/6f075a1c2d33b77e2976dedc58b768e86884d78b5d103294b28eba73acc221053ee3e9284eca5171d0966b3d9d02bb696e32f3001ed4bf7f398a1fb0a3065b47
  languageName: node
  linkType: hard

"chrome-bookmark-search-extension@workspace:.":
  version: 0.0.0-use.local
  resolution: "chrome-bookmark-search-extension@workspace:."
  dependencies:
    "@types/chrome": "npm:^0.0.308"
    "@types/lunr": "npm:^2"
    lunr: "npm:^2.3.9"
    preact: "npm:^10.26.4"
    typescript: "npm:^5.8.2"
  dependenciesMeta:
    "@types/chrome@0.0.308":
      unplugged: true
    preact@10.26.4:
      unplugged: true
  languageName: unknown
  linkType: soft

"lunr@npm:^2.3.9":
  version: 2.3.9
  resolution: "lunr@npm:2.3.9"
  checksum: 10c0/77d7dbb4fbd602aac161e2b50887d8eda28c0fa3b799159cee380fbb311f1e614219126ecbbd2c3a9c685f1720a8109b3c1ca85cc893c39b6c9cc6a62a1d8a8b
  languageName: node
  linkType: hard

"preact@npm:^10.26.4":
  version: 10.26.4
  resolution: "preact@npm:10.26.4"
  checksum: 10c0/8abf64ec6f9773f0c4fb3746b7caa3d83e2de4d464928e7f64fc779c96ef9e135d23c1ade8d0923c9191f6d203d9f22bb92d8a50dc0f4f310073dfaa51a56922
  languageName: node
  linkType: hard

"typescript@npm:^5.8.2":
  version: 5.8.2
  resolution: "typescript@npm:5.8.2"
  bin:
    tsc: bin/tsc
    tsserver: bin/tsserver
  checksum: 10c0/5c4f6fbf1c6389b6928fe7b8fcd5dc73bb2d58cd4e3883f1d774ed5bd83b151cbac6b7ecf11723de56d4676daeba8713894b1e9af56174f2f9780ae7848ec3c6
  languageName: node
  linkType: hard

"typescript@patch:typescript@npm%3A^5.8.2#optional!builtin<compat/typescript>":
  version: 5.8.2
  resolution: "typescript@patch:typescript@npm%3A5.8.2#optional!builtin<compat/typescript>::version=5.8.2&hash=5786d5"
  bin:
    tsc: bin/tsc
    tsserver: bin/tsserver
  checksum: 10c0/5448a08e595cc558ab321e49d4cac64fb43d1fa106584f6ff9a8d8e592111b373a995a1d5c7f3046211c8a37201eb6d0f1566f15cdb7a62a5e3be01d087848e2
  languageName: node
  linkType: hard
